
Microsoft Visual Studio Solution File, Format Version 12.00
# Visual Studio Version 17
VisualStudioVersion = 17.1.32228.430
MinimumVisualStudioVersion = 10.0.40219.1
Project("{54A90642-561A-4BB1-A94E-469ADEE60C69}") = "purplecow", "purplecow\purplecow.esproj", "{E80EA38E-3EFA-4EC8-B249-C4DECFAF967A}"
EndProject
Project("{9A19103F-16F7-4668-BE54-9A1E7A4F7556}") = "PurpleCow.Web", "PurpleCow.Web\PurpleCow.Web.csproj", "{04DDD48E-75AF-4DE8-8445-8F0603080DB4}"
EndProject
Project("{9A19103F-16F7-4668-BE54-9A1E7A4F7556}") = "PurpleCow.Common", "PurpleCow.Common\PurpleCow.Common.csproj", "{1D900F4C-774A-469F-8011-486F066C35D5}"
EndProject
Project("{9A19103F-16F7-4668-BE54-9A1E7A4F7556}") = "PurpleCow.Data", "PurpleCow.Data\PurpleCow.Data.csproj", "{F7EC6DDC-A3D7-471F-BBD2-671B08ABD2A6}"
EndProject
Project("{FAE04EC0-301F-11D3-BF4B-00C04F79EFBC}") = "PurpleCow.Tests", "PurpleCow.Tests\PurpleCow.Tests.csproj", "{819B345F-1BEC-45A8-A277-94D3B1D47D3D}"
EndProject
Global
	GlobalSection(SolutionConfigurationPlatforms) = preSolution
		Debug|Any CPU = Debug|Any CPU
		Release|Any CPU = Release|Any CPU
	EndGlobalSection
	GlobalSection(ProjectConfigurationPlatforms) = postSolution
		{E80EA38E-3EFA-4EC8-B249-C4DECFAF967A}.Debug|Any CPU.ActiveCfg = Debug|Any CPU
		{E80EA38E-3EFA-4EC8-B249-C4DECFAF967A}.Debug|Any CPU.Build.0 = Debug|Any CPU
		{E80EA38E-3EFA-4EC8-B249-C4DECFAF967A}.Debug|Any CPU.Deploy.0 = Debug|Any CPU
		{E80EA38E-3EFA-4EC8-B249-C4DECFAF967A}.Release|Any CPU.ActiveCfg = Release|Any CPU
		{E80EA38E-3EFA-4EC8-B249-C4DECFAF967A}.Release|Any CPU.Build.0 = Release|Any CPU
		{E80EA38E-3EFA-4EC8-B249-C4DECFAF967A}.Release|Any CPU.Deploy.0 = Release|Any CPU
		{04DDD48E-75AF-4DE8-8445-8F0603080DB4}.Debug|Any CPU.ActiveCfg = Debug|Any CPU
		{04DDD48E-75AF-4DE8-8445-8F0603080DB4}.Debug|Any CPU.Build.0 = Debug|Any CPU
		{04DDD48E-75AF-4DE8-8445-8F0603080DB4}.Release|Any CPU.ActiveCfg = Release|Any CPU
		{04DDD48E-75AF-4DE8-8445-8F0603080DB4}.Release|Any CPU.Build.0 = Release|Any CPU
		{1D900F4C-774A-469F-8011-486F066C35D5}.Debug|Any CPU.ActiveCfg = Debug|Any CPU
		{1D900F4C-774A-469F-8011-486F066C35D5}.Debug|Any CPU.Build.0 = Debug|Any CPU
		{1D900F4C-774A-469F-8011-486F066C35D5}.Release|Any CPU.ActiveCfg = Release|Any CPU
		{1D900F4C-774A-469F-8011-486F066C35D5}.Release|Any CPU.Build.0 = Release|Any CPU
		{F7EC6DDC-A3D7-471F-BBD2-671B08ABD2A6}.Debug|Any CPU.ActiveCfg = Debug|Any CPU
		{F7EC6DDC-A3D7-471F-BBD2-671B08ABD2A6}.Debug|Any CPU.Build.0 = Debug|Any CPU
		{F7EC6DDC-A3D7-471F-BBD2-671B08ABD2A6}.Release|Any CPU.ActiveCfg = Release|Any CPU
		{F7EC6DDC-A3D7-471F-BBD2-671B08ABD2A6}.Release|Any CPU.Build.0 = Release|Any CPU
		{819B345F-1BEC-45A8-A277-94D3B1D47D3D}.Debug|Any CPU.ActiveCfg = Debug|Any CPU
		{819B345F-1BEC-45A8-A277-94D3B1D47D3D}.Debug|Any CPU.Build.0 = Debug|Any CPU
		{819B345F-1BEC-45A8-A277-94D3B1D47D3D}.Release|Any CPU.ActiveCfg = Release|Any CPU
		{819B345F-1BEC-45A8-A277-94D3B1D47D3D}.Release|Any CPU.Build.0 = Release|Any CPU
	EndGlobalSection
	GlobalSection(SolutionProperties) = preSolution
		HideSolutionNode = FALSE
	EndGlobalSection
	GlobalSection(ExtensibilityGlobals) = postSolution
		SolutionGuid = {1020F13E-96B0-4375-B6A5-72AF9F3C780E}
	EndGlobalSection
EndGlobal
