
Microsoft Visual Studio Solution File, Format Version 12.00
# Visual Studio Version 17
VisualStudioVersion = 17.1.32228.430
MinimumVisualStudioVersion = 10.0.40219.1
Project("{54A90642-561A-4BB1-A94E-469ADEE60C69}") = "purplecow", "purplecow\purplecow.esproj", "{E80EA38E-3EFA-4EC8-B249-C4DECFAF967A}"
EndProject
Global
	GlobalSection(SolutionConfigurationPlatforms) = preSolution
		Debug|Any CPU = Debug|Any CPU
		Release|Any CPU = Release|Any CPU
	EndGlobalSection
	GlobalSection(ProjectConfigurationPlatforms) = postSolution
		{E80EA38E-3EFA-4EC8-B249-C4DECFAF967A}.Debug|Any CPU.ActiveCfg = Debug|Any CPU
		{E80EA38E-3EFA-4EC8-B249-C4DECFAF967A}.Debug|Any CPU.Build.0 = Debug|Any CPU
		{E80EA38E-3EFA-4EC8-B249-C4DECFAF967A}.Debug|Any CPU.Deploy.0 = Debug|Any CPU
		{E80EA38E-3EFA-4EC8-B249-C4DECFAF967A}.Release|Any CPU.ActiveCfg = Release|Any CPU
		{E80EA38E-3EFA-4EC8-B249-C4DECFAF967A}.Release|Any CPU.Build.0 = Release|Any CPU
		{E80EA38E-3EFA-4EC8-B249-C4DECFAF967A}.Release|Any CPU.Deploy.0 = Release|Any CPU
	EndGlobalSection
	GlobalSection(SolutionProperties) = preSolution
		HideSolutionNode = FALSE
	EndGlobalSection
	GlobalSection(ExtensibilityGlobals) = postSolution
		SolutionGuid = {1020F13E-96B0-4375-B6A5-72AF9F3C780E}
	EndGlobalSection
EndGlobal
